
Microsoft Visual Studio Solution File, Format Version 12.00
# Visual Studio 15
VisualStudioVersion = 15.0.28307.645
MinimumVisualStudioVersion = 10.0.40219.1
Project("{FAE04EC0-301F-11D3-BF4B-00C04F79EFBC}") = "Framework.Pages", "Auden.Excercise.Framework\Framework.Pages.csproj", "{17466E15-0189-40A9-9E5C-0881B52888F1}"
EndProject
Project("{FAE04EC0-301F-11D3-BF4B-00C04F79EFBC}") = "Framework.Webdriver", "Auden.Excercise.Webdriver\Framework.Webdriver.csproj", "{F17A0AD4-E40A-4764-917D-567E7EE159E6}"
EndProject
Project("{FAE04EC0-301F-11D3-BF4B-00C04F79EFBC}") = "Framework.Common", "Auden.Excercise.Tests\Framework.Common.csproj", "{656F93A8-BBE3-4A92-ACF9-D999CB80BB8D}"
EndProject
Project("{FAE04EC0-301F-11D3-BF4B-00C04F79EFBC}") = "Framework.Tests", "Auden.Excercise.UITests\Framework.Tests.csproj", "{5F030794-EC1F-434F-A835-C227430E7927}"
EndProject
Global
	GlobalSection(SolutionConfigurationPlatforms) = preSolution
		Debug|Any CPU = Debug|Any CPU
		Release|Any CPU = Release|Any CPU
	EndGlobalSection
	GlobalSection(ProjectConfigurationPlatforms) = postSolution
		{17466E15-0189-40A9-9E5C-0881B52888F1}.Debug|Any CPU.ActiveCfg = Debug|Any CPU
		{17466E15-0189-40A9-9E5C-0881B52888F1}.Debug|Any CPU.Build.0 = Debug|Any CPU
		{17466E15-0189-40A9-9E5C-0881B52888F1}.Release|Any CPU.ActiveCfg = Release|Any CPU
		{17466E15-0189-40A9-9E5C-0881B52888F1}.Release|Any CPU.Build.0 = Release|Any CPU
		{F17A0AD4-E40A-4764-917D-567E7EE159E6}.Debug|Any CPU.ActiveCfg = Debug|Any CPU
		{F17A0AD4-E40A-4764-917D-567E7EE159E6}.Debug|Any CPU.Build.0 = Debug|Any CPU
		{F17A0AD4-E40A-4764-917D-567E7EE159E6}.Release|Any CPU.ActiveCfg = Release|Any CPU
		{F17A0AD4-E40A-4764-917D-567E7EE159E6}.Release|Any CPU.Build.0 = Release|Any CPU
		{656F93A8-BBE3-4A92-ACF9-D999CB80BB8D}.Debug|Any CPU.ActiveCfg = Debug|Any CPU
		{656F93A8-BBE3-4A92-ACF9-D999CB80BB8D}.Debug|Any CPU.Build.0 = Debug|Any CPU
		{656F93A8-BBE3-4A92-ACF9-D999CB80BB8D}.Release|Any CPU.ActiveCfg = Release|Any CPU
		{656F93A8-BBE3-4A92-ACF9-D999CB80BB8D}.Release|Any CPU.Build.0 = Release|Any CPU
		{5F030794-EC1F-434F-A835-C227430E7927}.Debug|Any CPU.ActiveCfg = Debug|Any CPU
		{5F030794-EC1F-434F-A835-C227430E7927}.Debug|Any CPU.Build.0 = Debug|Any CPU
		{5F030794-EC1F-434F-A835-C227430E7927}.Release|Any CPU.ActiveCfg = Release|Any CPU
		{5F030794-EC1F-434F-A835-C227430E7927}.Release|Any CPU.Build.0 = Release|Any CPU
	EndGlobalSection
	GlobalSection(SolutionProperties) = preSolution
		HideSolutionNode = FALSE
	EndGlobalSection
	GlobalSection(ExtensibilityGlobals) = postSolution
		SolutionGuid = {80EF8008-28A3-4115-8821-5AA0F50850C7}
	EndGlobalSection
EndGlobal
